
Microsoft Visual Studio Solution File, Format Version 12.00
# Visual Studio Version 17
VisualStudioVersion = 17.0.31903.59
MinimumVisualStudioVersion = 10.0.40219.1
Project("{2150E333-8FDC-42A3-9474-1A3956D46DE8}") = "src", "src", "{568C1054-3AC8-4EDA-A9AF-3BE96D33E104}"
EndProject
Project("{FAE04EC0-301F-11D3-BF4B-00C04F79EFBC}") = "AccountService.Api", "src\AccountService.Api\AccountService.Api.csproj", "{ED4757CA-777E-49B3-A07A-65B7D2CB7E27}"
EndProject
Project("{FAE04EC0-301F-11D3-BF4B-00C04F79EFBC}") = "AccountService.Application", "src\AccountService.Application\AccountService.Application.csproj", "{E751713E-D8C5-4CB6-8B61-12547F95AF54}"
EndProject
Project("{FAE04EC0-301F-11D3-BF4B-00C04F79EFBC}") = "AccountService.Domain", "src\AccountService.Domain\AccountService.Domain.csproj", "{5A8553CA-2395-491A-BD0B-0FCEC0687A9E}"
EndProject
Project("{FAE04EC0-301F-11D3-BF4B-00C04F79EFBC}") = "AccountService.Persistence", "src\AccountService.Persistence\AccountService.Persistence.csproj", "{CF2F0CA9-F210-4719-A2D4-07372F03B4DC}"
EndProject
Global
	GlobalSection(SolutionConfigurationPlatforms) = preSolution
		Debug|Any CPU = Debug|Any CPU
		Release|Any CPU = Release|Any CPU
	EndGlobalSection
	GlobalSection(SolutionProperties) = preSolution
		HideSolutionNode = FALSE
	EndGlobalSection
	GlobalSection(ProjectConfigurationPlatforms) = postSolution
		{ED4757CA-777E-49B3-A07A-65B7D2CB7E27}.Debug|Any CPU.ActiveCfg = Debug|Any CPU
		{ED4757CA-777E-49B3-A07A-65B7D2CB7E27}.Debug|Any CPU.Build.0 = Debug|Any CPU
		{ED4757CA-777E-49B3-A07A-65B7D2CB7E27}.Release|Any CPU.ActiveCfg = Release|Any CPU
		{ED4757CA-777E-49B3-A07A-65B7D2CB7E27}.Release|Any CPU.Build.0 = Release|Any CPU
		{E751713E-D8C5-4CB6-8B61-12547F95AF54}.Debug|Any CPU.ActiveCfg = Debug|Any CPU
		{E751713E-D8C5-4CB6-8B61-12547F95AF54}.Debug|Any CPU.Build.0 = Debug|Any CPU
		{E751713E-D8C5-4CB6-8B61-12547F95AF54}.Release|Any CPU.ActiveCfg = Release|Any CPU
		{E751713E-D8C5-4CB6-8B61-12547F95AF54}.Release|Any CPU.Build.0 = Release|Any CPU
		{5A8553CA-2395-491A-BD0B-0FCEC0687A9E}.Debug|Any CPU.ActiveCfg = Debug|Any CPU
		{5A8553CA-2395-491A-BD0B-0FCEC0687A9E}.Debug|Any CPU.Build.0 = Debug|Any CPU
		{5A8553CA-2395-491A-BD0B-0FCEC0687A9E}.Release|Any CPU.ActiveCfg = Release|Any CPU
		{5A8553CA-2395-491A-BD0B-0FCEC0687A9E}.Release|Any CPU.Build.0 = Release|Any CPU
		{CF2F0CA9-F210-4719-A2D4-07372F03B4DC}.Debug|Any CPU.ActiveCfg = Debug|Any CPU
		{CF2F0CA9-F210-4719-A2D4-07372F03B4DC}.Debug|Any CPU.Build.0 = Debug|Any CPU
		{CF2F0CA9-F210-4719-A2D4-07372F03B4DC}.Release|Any CPU.ActiveCfg = Release|Any CPU
		{CF2F0CA9-F210-4719-A2D4-07372F03B4DC}.Release|Any CPU.Build.0 = Release|Any CPU
	EndGlobalSection
	GlobalSection(NestedProjects) = preSolution
		{ED4757CA-777E-49B3-A07A-65B7D2CB7E27} = {568C1054-3AC8-4EDA-A9AF-3BE96D33E104}
		{E751713E-D8C5-4CB6-8B61-12547F95AF54} = {568C1054-3AC8-4EDA-A9AF-3BE96D33E104}
		{5A8553CA-2395-491A-BD0B-0FCEC0687A9E} = {568C1054-3AC8-4EDA-A9AF-3BE96D33E104}
		{CF2F0CA9-F210-4719-A2D4-07372F03B4DC} = {568C1054-3AC8-4EDA-A9AF-3BE96D33E104}
	EndGlobalSection
EndGlobal
